
Microsoft Visual Studio Solution File, Format Version 12.00
# Visual Studio Version 17
VisualStudioVersion = 17.8.34330.188
MinimumVisualStudioVersion = 10.0.40219.1
Project("{FAE04EC0-301F-11D3-BF4B-00C04F79EFBC}") = "DoorRestartSystem", "DoorRestartSystem.csproj", "{2D3F3864-86B9-48FD-80F0-D55A4B7438E0}"
EndProject
Global
	GlobalSection(SolutionConfigurationPlatforms) = preSolution
		Debug|Any CPU = Debug|Any CPU
		Release|Any CPU = Release|Any CPU
	EndGlobalSection
	GlobalSection(ProjectConfigurationPlatforms) = postSolution
		{2D3F3864-86B9-48FD-80F0-D55A4B7438E0}.Debug|Any CPU.ActiveCfg = Debug|Any CPU
		{2D3F3864-86B9-48FD-80F0-D55A4B7438E0}.Debug|Any CPU.Build.0 = Debug|Any CPU
		{2D3F3864-86B9-48FD-80F0-D55A4B7438E0}.Release|Any CPU.ActiveCfg = Release|Any CPU
		{2D3F3864-86B9-48FD-80F0-D55A4B7438E0}.Release|Any CPU.Build.0 = Release|Any CPU
	EndGlobalSection
	GlobalSection(SolutionProperties) = preSolution
		HideSolutionNode = FALSE
	EndGlobalSection
	GlobalSection(ExtensibilityGlobals) = postSolution
		SolutionGuid = {76A89AFF-8DF9-4EF4-80CB-A01188974259}
	EndGlobalSection
EndGlobal
